
Microsoft Visual Studio Solution File, Format Version 12.00
# Visual Studio Express 2013 for Windows Desktop
VisualStudioVersion = 12.0.30501.0
MinimumVisualStudioVersion = 10.0.40219.1
Project("{FAE04EC0-301F-11D3-BF4B-00C04F79EFBC}") = "Mod-05__Ex-01", "Mod-05__Ex-01.csproj", "{834DDF60-09F1-4DD8-A477-2E18372A685E}"
EndProject
Global
	GlobalSection(SolutionConfigurationPlatforms) = preSolution
		Debug|Any CPU = Debug|Any CPU
		Release|Any CPU = Release|Any CPU
	EndGlobalSection
	GlobalSection(ProjectConfigurationPlatforms) = postSolution
		{834DDF60-09F1-4DD8-A477-2E18372A685E}.Debug|Any CPU.ActiveCfg = Debug|Any CPU
		{834DDF60-09F1-4DD8-A477-2E18372A685E}.Debug|Any CPU.Build.0 = Debug|Any CPU
		{834DDF60-09F1-4DD8-A477-2E18372A685E}.Release|Any CPU.ActiveCfg = Release|Any CPU
		{834DDF60-09F1-4DD8-A477-2E18372A685E}.Release|Any CPU.Build.0 = Release|Any CPU
	EndGlobalSection
	GlobalSection(SolutionProperties) = preSolution
		HideSolutionNode = FALSE
	EndGlobalSection
EndGlobal
