
Microsoft Visual Studio Solution File, Format Version 12.00
# Visual Studio Express 2013 for Windows Desktop
VisualStudioVersion = 12.0.30501.0
MinimumVisualStudioVersion = 10.0.40219.1
Project("{FAE04EC0-301F-11D3-BF4B-00C04F79EFBC}") = "DebugThread", "DebugThread.csproj", "{87D71DA6-B80B-4FD1-8EE7-0909C7387880}"
EndProject
Global
	GlobalSection(SolutionConfigurationPlatforms) = preSolution
		Debug|Any CPU = Debug|Any CPU
		Release|Any CPU = Release|Any CPU
	EndGlobalSection
	GlobalSection(ProjectConfigurationPlatforms) = postSolution
		{87D71DA6-B80B-4FD1-8EE7-0909C7387880}.Debug|Any CPU.ActiveCfg = Debug|Any CPU
		{87D71DA6-B80B-4FD1-8EE7-0909C7387880}.Debug|Any CPU.Build.0 = Debug|Any CPU
		{87D71DA6-B80B-4FD1-8EE7-0909C7387880}.Release|Any CPU.ActiveCfg = Release|Any CPU
		{87D71DA6-B80B-4FD1-8EE7-0909C7387880}.Release|Any CPU.Build.0 = Release|Any CPU
	EndGlobalSection
	GlobalSection(SolutionProperties) = preSolution
		HideSolutionNode = FALSE
	EndGlobalSection
EndGlobal
